
Microsoft Visual Studio Solution File, Format Version 12.00
# Visual Studio Version 17
VisualStudioVersion = 17.9.34622.214
MinimumVisualStudioVersion = 10.0.40219.1
Project("{FAE04EC0-301F-11D3-BF4B-00C04F79EFBC}") = "ProyectoFestivos.Dominio", "ProyectoFestivos.Dominio.csproj", "{8A5D794C-D5AF-4C20-9475-FBB907E9453D}"
EndProject
Project("{FAE04EC0-301F-11D3-BF4B-00C04F79EFBC}") = "ProyectoFestivos.Persistencia", "..\ProyectoFestivos.Persistencia\ProyectoFestivos.Persistencia.csproj", "{D0F1A037-891D-432F-A985-B5693ED94572}"
EndProject
Global
	GlobalSection(SolutionConfigurationPlatforms) = preSolution
		Debug|Any CPU = Debug|Any CPU
		Release|Any CPU = Release|Any CPU
	EndGlobalSection
	GlobalSection(ProjectConfigurationPlatforms) = postSolution
		{8A5D794C-D5AF-4C20-9475-FBB907E9453D}.Debug|Any CPU.ActiveCfg = Debug|Any CPU
		{8A5D794C-D5AF-4C20-9475-FBB907E9453D}.Debug|Any CPU.Build.0 = Debug|Any CPU
		{8A5D794C-D5AF-4C20-9475-FBB907E9453D}.Release|Any CPU.ActiveCfg = Release|Any CPU
		{8A5D794C-D5AF-4C20-9475-FBB907E9453D}.Release|Any CPU.Build.0 = Release|Any CPU
		{D0F1A037-891D-432F-A985-B5693ED94572}.Debug|Any CPU.ActiveCfg = Debug|Any CPU
		{D0F1A037-891D-432F-A985-B5693ED94572}.Debug|Any CPU.Build.0 = Debug|Any CPU
		{D0F1A037-891D-432F-A985-B5693ED94572}.Release|Any CPU.ActiveCfg = Release|Any CPU
		{D0F1A037-891D-432F-A985-B5693ED94572}.Release|Any CPU.Build.0 = Release|Any CPU
	EndGlobalSection
	GlobalSection(SolutionProperties) = preSolution
		HideSolutionNode = FALSE
	EndGlobalSection
	GlobalSection(ExtensibilityGlobals) = postSolution
		SolutionGuid = {C416A300-9C5C-4626-AC0C-AE3C004C94E3}
	EndGlobalSection
EndGlobal
